{
  "name": "@lucitra/bookmark-agent-companion",
  "version": "1.2.0",
  "lockfileVersion": 3,
  "requires": true,
  "packages": {
    "": {
      "name": "@lucitra/bookmark-agent-companion",
      "version": "1.2.0",
      "license": "MIT",
      "bin": {
        "lucitra-bookmarks": "bin/lucitra-bookmarks.mjs"
      },
      "engines": {
        "node": ">=20"
      }
    }
  }
}
